
Microsoft Visual Studio Solution File, Format Version 12.00
# Visual Studio Version 16
VisualStudioVersion = 16.0.30128.74
MinimumVisualStudioVersion = 10.0.40219.1
Project("{FAE04EC0-301F-11D3-BF4B-00C04F79EFBC}") = "IdentityDapperCore", "IdentityDapperCore\IdentityDapperCore.csproj", "{E339976C-B75C-440D-872A-63CDA6958BE1}"
EndProject
Project("{FAE04EC0-301F-11D3-BF4B-00C04F79EFBC}") = "Portal", "Portal\Portal.csproj", "{3C5DF4B5-D2A4-4206-A32B-C2630601E5A8}"
EndProject
Global
	GlobalSection(SolutionConfigurationPlatforms) = preSolution
		Debug|Any CPU = Debug|Any CPU
		Release|Any CPU = Release|Any CPU
	EndGlobalSection
	GlobalSection(ProjectConfigurationPlatforms) = postSolution
		{E339976C-B75C-440D-872A-63CDA6958BE1}.Debug|Any CPU.ActiveCfg = Debug|Any CPU
		{E339976C-B75C-440D-872A-63CDA6958BE1}.Debug|Any CPU.Build.0 = Debug|Any CPU
		{E339976C-B75C-440D-872A-63CDA6958BE1}.Release|Any CPU.ActiveCfg = Release|Any CPU
		{E339976C-B75C-440D-872A-63CDA6958BE1}.Release|Any CPU.Build.0 = Release|Any CPU
		{3C5DF4B5-D2A4-4206-A32B-C2630601E5A8}.Debug|Any CPU.ActiveCfg = Debug|Any CPU
		{3C5DF4B5-D2A4-4206-A32B-C2630601E5A8}.Debug|Any CPU.Build.0 = Debug|Any CPU
		{3C5DF4B5-D2A4-4206-A32B-C2630601E5A8}.Release|Any CPU.ActiveCfg = Release|Any CPU
		{3C5DF4B5-D2A4-4206-A32B-C2630601E5A8}.Release|Any CPU.Build.0 = Release|Any CPU
	EndGlobalSection
	GlobalSection(SolutionProperties) = preSolution
		HideSolutionNode = FALSE
	EndGlobalSection
	GlobalSection(ExtensibilityGlobals) = postSolution
		SolutionGuid = {D982F2DD-50FF-46D8-A45B-620C943DEC1E}
	EndGlobalSection
EndGlobal
